
Microsoft Visual Studio Solution File, Format Version 12.00
# Visual Studio 15
Project("{FAE04EC0-301F-11D3-BF4B-00C04F79EFBC}") = "UnityEngine.TestRunner", "UnityEngine.TestRunner.csproj", "{EFD37D62-0590-75EE-A4C6-A83909D4B806}"
EndProject
Project("{FAE04EC0-301F-11D3-BF4B-00C04F79EFBC}") = "UnityEngine.UI", "UnityEngine.UI.csproj", "{AD1FE91A-C3FC-255D-132A-9E451C858A5A}"
EndProject
Project("{FAE04EC0-301F-11D3-BF4B-00C04F79EFBC}") = "Unity.TextMeshPro", "Unity.TextMeshPro.csproj", "{D49C2548-0A86-8584-3510-3066B29395D9}"
EndProject
Project("{FAE04EC0-301F-11D3-BF4B-00C04F79EFBC}") = "Unity.Timeline", "Unity.Timeline.csproj", "{6278B097-FD36-DEFA-4CF5-D11390FC35AD}"
EndProject
Project("{FAE04EC0-301F-11D3-BF4B-00C04F79EFBC}") = "Assembly-CSharp", "Assembly-CSharp.csproj", "{831C6E40-5B2E-F65F-4AB1-A6AAC4458B68}"
EndProject
Project("{FAE04EC0-301F-11D3-BF4B-00C04F79EFBC}") = "Unity.TextMeshPro.Editor", "Unity.TextMeshPro.Editor.csproj", "{8D05E301-83D7-1ACB-0794-A45FC390F499}"
EndProject
Project("{FAE04EC0-301F-11D3-BF4B-00C04F79EFBC}") = "Unity.Timeline.Editor", "Unity.Timeline.Editor.csproj", "{1C3FB374-C338-B9E7-57F4-8F0050D73447}"
EndProject
Project("{FAE04EC0-301F-11D3-BF4B-00C04F79EFBC}") = "UnityEditor.TestRunner", "UnityEditor.TestRunner.csproj", "{FE34F5D9-7010-BEA0-892B-396EA92BC10D}"
EndProject
Project("{FAE04EC0-301F-11D3-BF4B-00C04F79EFBC}") = "UnityEditor.UI", "UnityEditor.UI.csproj", "{6052E25F-D2AD-8C67-6E21-D8E8E6714AFD}"
EndProject
Project("{FAE04EC0-301F-11D3-BF4B-00C04F79EFBC}") = "Unity.Rider.Editor", "Unity.Rider.Editor.csproj", "{F417148F-14BF-A17D-2074-FF9B242C2393}"
EndProject
Project("{FAE04EC0-301F-11D3-BF4B-00C04F79EFBC}") = "Unity.CollabProxy.Editor", "Unity.CollabProxy.Editor.csproj", "{17B50276-F521-27FE-568B-079C54D0353B}"
EndProject
Project("{FAE04EC0-301F-11D3-BF4B-00C04F79EFBC}") = "Unity.VSCode.Editor", "Unity.VSCode.Editor.csproj", "{E05A3FAD-585F-17CD-2171-42C94316EB2B}"
EndProject
Project("{FAE04EC0-301F-11D3-BF4B-00C04F79EFBC}") = "Assembly-CSharp-Editor-firstpass", "Assembly-CSharp-Editor-firstpass.csproj", "{BDF2BDC8-DD1A-C34C-DE0A-6B75BFAE32A4}"
EndProject
Global
	GlobalSection(SolutionConfigurationPlatforms) = preSolution
		Debug|Any CPU = Debug|Any CPU
		Release|Any CPU = Release|Any CPU
	EndGlobalSection
	GlobalSection(ProjectConfigurationPlatforms) = postSolution
		{EFD37D62-0590-75EE-A4C6-A83909D4B806}.Debug|Any CPU.ActiveCfg = Debug|Any CPU
		{EFD37D62-0590-75EE-A4C6-A83909D4B806}.Debug|Any CPU.Build.0 = Debug|Any CPU
		{EFD37D62-0590-75EE-A4C6-A83909D4B806}.Release|Any CPU.ActiveCfg = Release|Any CPU
		{EFD37D62-0590-75EE-A4C6-A83909D4B806}.Release|Any CPU.Build.0 = Release|Any CPU
		{AD1FE91A-C3FC-255D-132A-9E451C858A5A}.Debug|Any CPU.ActiveCfg = Debug|Any CPU
		{AD1FE91A-C3FC-255D-132A-9E451C858A5A}.Debug|Any CPU.Build.0 = Debug|Any CPU
		{AD1FE91A-C3FC-255D-132A-9E451C858A5A}.Release|Any CPU.ActiveCfg = Release|Any CPU
		{AD1FE91A-C3FC-255D-132A-9E451C858A5A}.Release|Any CPU.Build.0 = Release|Any CPU
		{D49C2548-0A86-8584-3510-3066B29395D9}.Debug|Any CPU.ActiveCfg = Debug|Any CPU
		{D49C2548-0A86-8584-3510-3066B29395D9}.Debug|Any CPU.Build.0 = Debug|Any CPU
		{D49C2548-0A86-8584-3510-3066B29395D9}.Release|Any CPU.ActiveCfg = Release|Any CPU
		{D49C2548-0A86-8584-3510-3066B29395D9}.Release|Any CPU.Build.0 = Release|Any CPU
		{6278B097-FD36-DEFA-4CF5-D11390FC35AD}.Debug|Any CPU.ActiveCfg = Debug|Any CPU
		{6278B097-FD36-DEFA-4CF5-D11390FC35AD}.Debug|Any CPU.Build.0 = Debug|Any CPU
		{6278B097-FD36-DEFA-4CF5-D11390FC35AD}.Release|Any CPU.ActiveCfg = Release|Any CPU
		{6278B097-FD36-DEFA-4CF5-D11390FC35AD}.Release|Any CPU.Build.0 = Release|Any CPU
		{831C6E40-5B2E-F65F-4AB1-A6AAC4458B68}.Debug|Any CPU.ActiveCfg = Debug|Any CPU
		{831C6E40-5B2E-F65F-4AB1-A6AAC4458B68}.Debug|Any CPU.Build.0 = Debug|Any CPU
		{831C6E40-5B2E-F65F-4AB1-A6AAC4458B68}.Release|Any CPU.ActiveCfg = Release|Any CPU
		{831C6E40-5B2E-F65F-4AB1-A6AAC4458B68}.Release|Any CPU.Build.0 = Release|Any CPU
		{8D05E301-83D7-1ACB-0794-A45FC390F499}.Debug|Any CPU.ActiveCfg = Debug|Any CPU
		{8D05E301-83D7-1ACB-0794-A45FC390F499}.Debug|Any CPU.Build.0 = Debug|Any CPU
		{8D05E301-83D7-1ACB-0794-A45FC390F499}.Release|Any CPU.ActiveCfg = Release|Any CPU
		{8D05E301-83D7-1ACB-0794-A45FC390F499}.Release|Any CPU.Build.0 = Release|Any CPU
		{1C3FB374-C338-B9E7-57F4-8F0050D73447}.Debug|Any CPU.ActiveCfg = Debug|Any CPU
		{1C3FB374-C338-B9E7-57F4-8F0050D73447}.Debug|Any CPU.Build.0 = Debug|Any CPU
		{1C3FB374-C338-B9E7-57F4-8F0050D73447}.Release|Any CPU.ActiveCfg = Release|Any CPU
		{1C3FB374-C338-B9E7-57F4-8F0050D73447}.Release|Any CPU.Build.0 = Release|Any CPU
		{FE34F5D9-7010-BEA0-892B-396EA92BC10D}.Debug|Any CPU.ActiveCfg = Debug|Any CPU
		{FE34F5D9-7010-BEA0-892B-396EA92BC10D}.Debug|Any CPU.Build.0 = Debug|Any CPU
		{FE34F5D9-7010-BEA0-892B-396EA92BC10D}.Release|Any CPU.ActiveCfg = Release|Any CPU
		{FE34F5D9-7010-BEA0-892B-396EA92BC10D}.Release|Any CPU.Build.0 = Release|Any CPU
		{6052E25F-D2AD-8C67-6E21-D8E8E6714AFD}.Debug|Any CPU.ActiveCfg = Debug|Any CPU
		{6052E25F-D2AD-8C67-6E21-D8E8E6714AFD}.Debug|Any CPU.Build.0 = Debug|Any CPU
		{6052E25F-D2AD-8C67-6E21-D8E8E6714AFD}.Release|Any CPU.ActiveCfg = Release|Any CPU
		{6052E25F-D2AD-8C67-6E21-D8E8E6714AFD}.Release|Any CPU.Build.0 = Release|Any CPU
		{F417148F-14BF-A17D-2074-FF9B242C2393}.Debug|Any CPU.ActiveCfg = Debug|Any CPU
		{F417148F-14BF-A17D-2074-FF9B242C2393}.Debug|Any CPU.Build.0 = Debug|Any CPU
		{F417148F-14BF-A17D-2074-FF9B242C2393}.Release|Any CPU.ActiveCfg = Release|Any CPU
		{F417148F-14BF-A17D-2074-FF9B242C2393}.Release|Any CPU.Build.0 = Release|Any CPU
		{17B50276-F521-27FE-568B-079C54D0353B}.Debug|Any CPU.ActiveCfg = Debug|Any CPU
		{17B50276-F521-27FE-568B-079C54D0353B}.Debug|Any CPU.Build.0 = Debug|Any CPU
		{17B50276-F521-27FE-568B-079C54D0353B}.Release|Any CPU.ActiveCfg = Release|Any CPU
		{17B50276-F521-27FE-568B-079C54D0353B}.Release|Any CPU.Build.0 = Release|Any CPU
		{E05A3FAD-585F-17CD-2171-42C94316EB2B}.Debug|Any CPU.ActiveCfg = Debug|Any CPU
		{E05A3FAD-585F-17CD-2171-42C94316EB2B}.Debug|Any CPU.Build.0 = Debug|Any CPU
		{E05A3FAD-585F-17CD-2171-42C94316EB2B}.Release|Any CPU.ActiveCfg = Release|Any CPU
		{E05A3FAD-585F-17CD-2171-42C94316EB2B}.Release|Any CPU.Build.0 = Release|Any CPU
		{BDF2BDC8-DD1A-C34C-DE0A-6B75BFAE32A4}.Debug|Any CPU.ActiveCfg = Debug|Any CPU
		{BDF2BDC8-DD1A-C34C-DE0A-6B75BFAE32A4}.Debug|Any CPU.Build.0 = Debug|Any CPU
		{BDF2BDC8-DD1A-C34C-DE0A-6B75BFAE32A4}.Release|Any CPU.ActiveCfg = Release|Any CPU
		{BDF2BDC8-DD1A-C34C-DE0A-6B75BFAE32A4}.Release|Any CPU.Build.0 = Release|Any CPU
	EndGlobalSection
	GlobalSection(SolutionProperties) = preSolution
		HideSolutionNode = FALSE
	EndGlobalSection
EndGlobal
